
Microsoft Visual Studio Solution File, Format Version 12.00
# Visual Studio Version 17
VisualStudioVersion = 17.8.34511.84
MinimumVisualStudioVersion = 10.0.40219.1
Project("{FAE04EC0-301F-11D3-BF4B-00C04F79EFBC}") = "SmartManagerLibrarySystem", "SmartManagerLibrarySystem.csproj", "{88FB6ADB-26C1-4ACE-A121-D890C0C84E43}"
EndProject
Global
	GlobalSection(SolutionConfigurationPlatforms) = preSolution
		Debug|Any CPU = Debug|Any CPU
		Release|Any CPU = Release|Any CPU
	EndGlobalSection
	GlobalSection(ProjectConfigurationPlatforms) = postSolution
		{88FB6ADB-26C1-4ACE-A121-D890C0C84E43}.Debug|Any CPU.ActiveCfg = Debug|Any CPU
		{88FB6ADB-26C1-4ACE-A121-D890C0C84E43}.Debug|Any CPU.Build.0 = Debug|Any CPU
		{88FB6ADB-26C1-4ACE-A121-D890C0C84E43}.Release|Any CPU.ActiveCfg = Release|Any CPU
		{88FB6ADB-26C1-4ACE-A121-D890C0C84E43}.Release|Any CPU.Build.0 = Release|Any CPU
	EndGlobalSection
	GlobalSection(SolutionProperties) = preSolution
		HideSolutionNode = FALSE
	EndGlobalSection
	GlobalSection(ExtensibilityGlobals) = postSolution
		SolutionGuid = {4D0A8F39-CE2A-4621-9445-47C0439CFE44}
	EndGlobalSection
EndGlobal
